
Microsoft Visual Studio Solution File, Format Version 12.00
# Visual Studio 15
VisualStudioVersion = 15.0.26124.0
MinimumVisualStudioVersion = 15.0.26124.0
Project("{FAE04EC0-301F-11D3-BF4B-00C04F79EFBC}") = "DependencyInjectionDemo", "DependencyInjectionDemo\DependencyInjectionDemo.csproj", "{62730A1D-CC23-40FF-BAE8-14B183845375}"
EndProject
Project("{FAE04EC0-301F-11D3-BF4B-00C04F79EFBC}") = "DependencyInjectionDemo.Tests", "DependencyInjectionDemo.Tests\DependencyInjectionDemo.Tests.csproj", "{4630B3F9-DDF6-43C2-86AD-2E0F3976B1F5}"
EndProject
Project("{FAE04EC0-301F-11D3-BF4B-00C04F79EFBC}") = "BlazorWebShellDemo", "BlazorWebShellDemo\BlazorWebShellDemo.csproj", "{DCFDAA42-67DF-4A2D-AC44-06237184DB4E}"
EndProject
Global
	GlobalSection(SolutionConfigurationPlatforms) = preSolution
		Debug|Any CPU = Debug|Any CPU
		Release|Any CPU = Release|Any CPU
	EndGlobalSection
	GlobalSection(SolutionProperties) = preSolution
		HideSolutionNode = FALSE
	EndGlobalSection
	GlobalSection(ProjectConfigurationPlatforms) = postSolution
		{62730A1D-CC23-40FF-BAE8-14B183845375}.Debug|Any CPU.ActiveCfg = Debug|Any CPU
		{62730A1D-CC23-40FF-BAE8-14B183845375}.Debug|Any CPU.Build.0 = Debug|Any CPU
		{62730A1D-CC23-40FF-BAE8-14B183845375}.Release|Any CPU.ActiveCfg = Release|Any CPU
		{62730A1D-CC23-40FF-BAE8-14B183845375}.Release|Any CPU.Build.0 = Release|Any CPU
		{4630B3F9-DDF6-43C2-86AD-2E0F3976B1F5}.Debug|Any CPU.ActiveCfg = Debug|Any CPU
		{4630B3F9-DDF6-43C2-86AD-2E0F3976B1F5}.Debug|Any CPU.Build.0 = Debug|Any CPU
		{4630B3F9-DDF6-43C2-86AD-2E0F3976B1F5}.Release|Any CPU.ActiveCfg = Release|Any CPU
		{4630B3F9-DDF6-43C2-86AD-2E0F3976B1F5}.Release|Any CPU.Build.0 = Release|Any CPU
		{DCFDAA42-67DF-4A2D-AC44-06237184DB4E}.Debug|Any CPU.ActiveCfg = Debug|Any CPU
		{DCFDAA42-67DF-4A2D-AC44-06237184DB4E}.Debug|Any CPU.Build.0 = Debug|Any CPU
		{DCFDAA42-67DF-4A2D-AC44-06237184DB4E}.Release|Any CPU.ActiveCfg = Release|Any CPU
		{DCFDAA42-67DF-4A2D-AC44-06237184DB4E}.Release|Any CPU.Build.0 = Release|Any CPU
	EndGlobalSection
EndGlobal
